
Microsoft Visual Studio Solution File, Format Version 12.00
# Visual Studio Version 17
VisualStudioVersion = 17.14.37301.10 d17.14
MinimumVisualStudioVersion = 10.0.40219.1
Project("{2150E333-8FDC-42A3-9474-1A3956D46DE8}") = "src", "src", "{02EA681E-C7D8-13C7-8484-4AC65E1B71E8}"
EndProject
Project("{FAE04EC0-301F-11D3-BF4B-00C04F79EFBC}") = "WindowsFormsApp1", "src\WindowsFormsApp1\WindowsFormsApp1.csproj", "{743DAA33-2AC0-453D-9941-EB5BD88174BF}"
EndProject
Project("{FAE04EC0-301F-11D3-BF4B-00C04F79EFBC}") = "CustomBuildTasks", "src\CustomBuildTasks\CustomBuildTasks.csproj", "{259C9624-5102-46E8-A67A-23258971BC63}"
EndProject
Global
	GlobalSection(SolutionConfigurationPlatforms) = preSolution
		Debug|Any CPU = Debug|Any CPU
		Release|Any CPU = Release|Any CPU
	EndGlobalSection
	GlobalSection(ProjectConfigurationPlatforms) = postSolution
		{743DAA33-2AC0-453D-9941-EB5BD88174BF}.Debug|Any CPU.ActiveCfg = Debug|Any CPU
		{743DAA33-2AC0-453D-9941-EB5BD88174BF}.Debug|Any CPU.Build.0 = Debug|Any CPU
		{743DAA33-2AC0-453D-9941-EB5BD88174BF}.Release|Any CPU.ActiveCfg = Release|Any CPU
		{743DAA33-2AC0-453D-9941-EB5BD88174BF}.Release|Any CPU.Build.0 = Release|Any CPU
		{259C9624-5102-46E8-A67A-23258971BC63}.Debug|Any CPU.ActiveCfg = Debug|Any CPU
		{259C9624-5102-46E8-A67A-23258971BC63}.Debug|Any CPU.Build.0 = Debug|Any CPU
		{259C9624-5102-46E8-A67A-23258971BC63}.Release|Any CPU.ActiveCfg = Release|Any CPU
		{259C9624-5102-46E8-A67A-23258971BC63}.Release|Any CPU.Build.0 = Release|Any CPU
	EndGlobalSection
	GlobalSection(SolutionProperties) = preSolution
		HideSolutionNode = FALSE
	EndGlobalSection
	GlobalSection(NestedProjects) = preSolution
		{743DAA33-2AC0-453D-9941-EB5BD88174BF} = {02EA681E-C7D8-13C7-8484-4AC65E1B71E8}
		{259C9624-5102-46E8-A67A-23258971BC63} = {02EA681E-C7D8-13C7-8484-4AC65E1B71E8}
	EndGlobalSection
	GlobalSection(ExtensibilityGlobals) = postSolution
		SolutionGuid = {8CD8EF6B-7E65-4BA6-A894-0A0EEA6F42FB}
	EndGlobalSection
EndGlobal
